
Microsoft Visual Studio Solution File, Format Version 12.00
# Visual Studio for Mac
Project("{FAE04EC0-301F-11D3-BF4B-00C04F79EFBC}") = "Assembly-CSharp", "Assembly-CSharp.csproj", "{EBB396A4-BE01-4713-C6F5-DD1BC2C5DAEB}"
EndProject
Global
	GlobalSection(SolutionConfigurationPlatforms) = preSolution
		Debug|Any CPU = Debug|Any CPU
		Release|Any CPU = Release|Any CPU
	EndGlobalSection
	GlobalSection(ProjectConfigurationPlatforms) = postSolution
		{EBB396A4-BE01-4713-C6F5-DD1BC2C5DAEB}.Debug|Any CPU.ActiveCfg = Debug|Any CPU
		{EBB396A4-BE01-4713-C6F5-DD1BC2C5DAEB}.Debug|Any CPU.Build.0 = Debug|Any CPU
		{EBB396A4-BE01-4713-C6F5-DD1BC2C5DAEB}.Release|Any CPU.ActiveCfg = Release|Any CPU
		{EBB396A4-BE01-4713-C6F5-DD1BC2C5DAEB}.Release|Any CPU.Build.0 = Release|Any CPU
	EndGlobalSection
	GlobalSection(SolutionProperties) = preSolution
		HideSolutionNode = FALSE
	EndGlobalSection
EndGlobal
